PODS:
  - camera (0.0.1):
    - Flutter
  - connectivity (0.0.1):
    - Flutter
    - Reachability
  - Flutter (1.0.0)
  - flutter_barcode_scanner (2.0.0):
    - Flutter
  - flutter_contacts (0.0.1):
    - Flutter
  - flutter_custom_tabs (0.0.1):
    - Flutter
  - gallery_saver (0.0.1):
    - Flutter
  - image_picker_ios (0.0.1):
    - Flutter
  - modal_progress_hud_nsn (0.0.1):
    - Flutter
  - path_provider_ios (0.0.1):
    - Flutter
  - permission_handler_apple (9.0.4):
    - Flutter
  - phone_number (0.12.0):
    - Flutter
    - PhoneNumberKit/PhoneNumberKitCore (= 3.3.4)
  - PhoneNumberKit/PhoneNumberKitCore (3.3.4)
  - Reachability (3.2)
  - share_plus (0.0.1):
    - Flutter
  - shared_preferences_ios (0.0.1):
    - Flutter
  - url_launcher_ios (0.0.1):
    - Flutter
  - webview_flutter_wkwebview (0.0.1):
    - Flutter

DEPENDENCIES:
  - camera (from `.symlinks/plugins/camera/ios`)
  - connectivity (from `.symlinks/plugins/connectivity/ios`)
  - Flutter (from `Flutter`)
  - flutter_barcode_scanner (from `.symlinks/plugins/flutter_barcode_scanner/ios`)
  - flutter_contacts (from `.symlinks/plugins/flutter_contacts/ios`)
  - flutter_custom_tabs (from `.symlinks/plugins/flutter_custom_tabs/ios`)
  - gallery_saver (from `.symlinks/plugins/gallery_saver/ios`)
  - image_picker_ios (from `.symlinks/plugins/image_picker_ios/ios`)
  - modal_progress_hud_nsn (from `.symlinks/plugins/modal_progress_hud_nsn/ios`)
  - path_provider_ios (from `.symlinks/plugins/path_provider_ios/ios`)
  - permission_handler_apple (from `.symlinks/plugins/permission_handler_apple/ios`)
  - phone_number (from `.symlinks/plugins/phone_number/ios`)
  - share_plus (from `.symlinks/plugins/share_plus/ios`)
  - shared_preferences_ios (from `.symlinks/plugins/shared_preferences_ios/ios`)
  - url_launcher_ios (from `.symlinks/plugins/url_launcher_ios/ios`)
  - webview_flutter_wkwebview (from `.symlinks/plugins/webview_flutter_wkwebview/ios`)

SPEC REPOS:
  trunk:
    - PhoneNumberKit
    - Reachability

EXTERNAL SOURCES:
  camera:
    :path: ".symlinks/plugins/camera/ios"
  connectivity:
    :path: ".symlinks/plugins/connectivity/ios"
  Flutter:
    :path: Flutter
  flutter_barcode_scanner:
    :path: ".symlinks/plugins/flutter_barcode_scanner/ios"
  flutter_contacts:
    :path: ".symlinks/plugins/flutter_contacts/ios"
  flutter_custom_tabs:
    :path: ".symlinks/plugins/flutter_custom_tabs/ios"
  gallery_saver:
    :path: ".symlinks/plugins/gallery_saver/ios"
  image_picker_ios:
    :path: ".symlinks/plugins/image_picker_ios/ios"
  modal_progress_hud_nsn:
    :path: ".symlinks/plugins/modal_progress_hud_nsn/ios"
  path_provider_ios:
    :path: ".symlinks/plugins/path_provider_ios/ios"
  permission_handler_apple:
    :path: ".symlinks/plugins/permission_handler_apple/ios"
  phone_number:
    :path: ".symlinks/plugins/phone_number/ios"
  share_plus:
    :path: ".symlinks/plugins/share_plus/ios"
  shared_preferences_ios:
    :path: ".symlinks/plugins/shared_preferences_ios/ios"
  url_launcher_ios:
    :path: ".symlinks/plugins/url_launcher_ios/ios"
  webview_flutter_wkwebview:
    :path: ".symlinks/plugins/webview_flutter_wkwebview/ios"

SPEC CHECKSUMS:
  camera: 9993f92f2c793e87b65e35f3a23c70582afb05b1
  connectivity: c4130b2985d4ef6fd26f9702e886bd5260681467
  Flutter: 50d75fe2f02b26cc09d224853bb45737f8b3214a
  flutter_barcode_scanner: 7a1144744c28dc0c57a8de7218ffe5ec59a9e4bf
  flutter_contacts: edb1c5ce76aa433e20e6cb14c615f4c0b66e0983
  flutter_custom_tabs: 7a10a08686955cb748e5d26e0ae586d30689bf89
  gallery_saver: 9fc173c9f4fcc48af53b2a9ebea1b643255be542
  image_picker_ios: b786a5dcf033a8336a657191401bfdf12017dabb
  modal_progress_hud_nsn: f6fb744cd060653d66ed8f325360ef3650eb2fde
  path_provider_ios: 14f3d2fd28c4fdb42f44e0f751d12861c43cee02
  permission_handler_apple: 44366e37eaf29454a1e7b1b7d736c2cceaeb17ce
  phone_number: 7e56d6e4e43fbe37507512a3aab3f11cf082af69
  PhoneNumberKit: 441e8b26ec88d598e3591de9061eff18f5dd12e8
  Reachability: 33e18b67625424e47b6cde6d202dce689ad7af96
  share_plus: 056a1e8ac890df3e33cb503afffaf1e9b4fbae68
  shared_preferences_ios: 548a61f8053b9b8a49ac19c1ffbc8b92c50d68ad
  url_launcher_ios: 839c58cdb4279282219f5e248c3321761ff3c4de
  webview_flutter_wkwebview: b7e70ef1ddded7e69c796c7390ee74180182971f

PODFILE CHECKSUM: c231816b8f05022fdb7d59c9a96cb52e30e58f1a

COCOAPODS: 1.11.3
